
Microsoft Visual Studio Solution File, Format Version 12.00
# Visual Studio 15
VisualStudioVersion = 15.0.28307.1927
MinimumVisualStudioVersion = 10.0.40219.1
Project("{FAE04EC0-301F-11D3-BF4B-00C04F79EFBC}") = "Pertemuan6", "Pertemuan6\Pertemuan6.csproj", "{94D13428-2AF0-4EE9-8834-E78C41EC551D}"
EndProject
Global
	GlobalSection(SolutionConfigurationPlatforms) = preSolution
		Debug|Any CPU = Debug|Any CPU
		Release|Any CPU = Release|Any CPU
	EndGlobalSection
	GlobalSection(ProjectConfigurationPlatforms) = postSolution
		{94D13428-2AF0-4EE9-8834-E78C41EC551D}.Debug|Any CPU.ActiveCfg = Debug|Any CPU
		{94D13428-2AF0-4EE9-8834-E78C41EC551D}.Debug|Any CPU.Build.0 = Debug|Any CPU
		{94D13428-2AF0-4EE9-8834-E78C41EC551D}.Release|Any CPU.ActiveCfg = Release|Any CPU
		{94D13428-2AF0-4EE9-8834-E78C41EC551D}.Release|Any CPU.Build.0 = Release|Any CPU
	EndGlobalSection
	GlobalSection(SolutionProperties) = preSolution
		HideSolutionNode = FALSE
	EndGlobalSection
	GlobalSection(ExtensibilityGlobals) = postSolution
		SolutionGuid = {5A7A51F8-B054-447F-9D97-18B39BB767FB}
	EndGlobalSection
EndGlobal
